
Microsoft Visual Studio Solution File, Format Version 12.00
# Visual Studio Version 17
VisualStudioVersion = 17.3.32901.215
MinimumVisualStudioVersion = 10.0.40219.1
Project("{9A19103F-16F7-4668-BE54-9A1E7A4F7556}") = "DAL", "DAL\DAL.csproj", "{18DBC7B3-2B56-4BD9-9010-C9DC1CCA0643}"
EndProject
Project("{9A19103F-16F7-4668-BE54-9A1E7A4F7556}") = "BL", "BL\BL.csproj", "{C61B3969-B108-4398-907C-8F067C8601D3}"
	ProjectSection(ProjectDependencies) = postProject
		{18DBC7B3-2B56-4BD9-9010-C9DC1CCA0643} = {18DBC7B3-2B56-4BD9-9010-C9DC1CCA0643}
	EndProjectSection
EndProject
Project("{FAE04EC0-301F-11D3-BF4B-00C04F79EFBC}") = "CurrencyPortfolio", "CurrencyPortfolio\CurrencyPortfolio.csproj", "{97AC2B29-E5DE-4334-9D8C-FCBEECF8F962}"
EndProject
Global
	GlobalSection(SolutionConfigurationPlatforms) = preSolution
		Debug|Any CPU = Debug|Any CPU
		Release|Any CPU = Release|Any CPU
	EndGlobalSection
	GlobalSection(ProjectConfigurationPlatforms) = postSolution
		{18DBC7B3-2B56-4BD9-9010-C9DC1CCA0643}.Debug|Any CPU.ActiveCfg = Debug|Any CPU
		{18DBC7B3-2B56-4BD9-9010-C9DC1CCA0643}.Debug|Any CPU.Build.0 = Debug|Any CPU
		{18DBC7B3-2B56-4BD9-9010-C9DC1CCA0643}.Release|Any CPU.ActiveCfg = Release|Any CPU
		{18DBC7B3-2B56-4BD9-9010-C9DC1CCA0643}.Release|Any CPU.Build.0 = Release|Any CPU
		{C61B3969-B108-4398-907C-8F067C8601D3}.Debug|Any CPU.ActiveCfg = Debug|Any CPU
		{C61B3969-B108-4398-907C-8F067C8601D3}.Debug|Any CPU.Build.0 = Debug|Any CPU
		{C61B3969-B108-4398-907C-8F067C8601D3}.Release|Any CPU.ActiveCfg = Release|Any CPU
		{C61B3969-B108-4398-907C-8F067C8601D3}.Release|Any CPU.Build.0 = Release|Any CPU
		{97AC2B29-E5DE-4334-9D8C-FCBEECF8F962}.Debug|Any CPU.ActiveCfg = Debug|Any CPU
		{97AC2B29-E5DE-4334-9D8C-FCBEECF8F962}.Debug|Any CPU.Build.0 = Debug|Any CPU
		{97AC2B29-E5DE-4334-9D8C-FCBEECF8F962}.Release|Any CPU.ActiveCfg = Release|Any CPU
		{97AC2B29-E5DE-4334-9D8C-FCBEECF8F962}.Release|Any CPU.Build.0 = Release|Any CPU
	EndGlobalSection
	GlobalSection(SolutionProperties) = preSolution
		HideSolutionNode = FALSE
	EndGlobalSection
	GlobalSection(ExtensibilityGlobals) = postSolution
		SolutionGuid = {E64AF65A-1F0E-4C7F-9A3B-A2366A57A612}
	EndGlobalSection
EndGlobal
